
Microsoft Visual Studio Solution File, Format Version 12.00
# Visual Studio Version 16
VisualStudioVersion = 16.0.30104.148
MinimumVisualStudioVersion = 10.0.40219.1
Project("{FAE04EC0-301F-11D3-BF4B-00C04F79EFBC}") = "ExerciseLinq", "ExerciseLinq\ExerciseLinq.csproj", "{00B6E34D-266A-4BF6-854D-1F98054BBA59}"
EndProject
Global
	GlobalSection(SolutionConfigurationPlatforms) = preSolution
		Debug|Any CPU = Debug|Any CPU
		Release|Any CPU = Release|Any CPU
	EndGlobalSection
	GlobalSection(ProjectConfigurationPlatforms) = postSolution
		{00B6E34D-266A-4BF6-854D-1F98054BBA59}.Debug|Any CPU.ActiveCfg = Debug|Any CPU
		{00B6E34D-266A-4BF6-854D-1F98054BBA59}.Debug|Any CPU.Build.0 = Debug|Any CPU
		{00B6E34D-266A-4BF6-854D-1F98054BBA59}.Release|Any CPU.ActiveCfg = Release|Any CPU
		{00B6E34D-266A-4BF6-854D-1F98054BBA59}.Release|Any CPU.Build.0 = Release|Any CPU
	EndGlobalSection
	GlobalSection(SolutionProperties) = preSolution
		HideSolutionNode = FALSE
	EndGlobalSection
	GlobalSection(ExtensibilityGlobals) = postSolution
		SolutionGuid = {2EB92334-3DD7-4CFF-A7ED-2FC414CD09F3}
	EndGlobalSection
EndGlobal
